
Microsoft Visual Studio Solution File, Format Version 12.00
# Visual Studio Version 17
VisualStudioVersion = 17.7.34031.279
MinimumVisualStudioVersion = 10.0.40219.1
Project("{9A19103F-16F7-4668-BE54-9A1E7A4F7556}") = "TechOilActive", "TechOilActive.csproj", "{9AFFC329-1375-4961-BB4A-63B58FFF5AA2}"
EndProject
Global
	GlobalSection(SolutionConfigurationPlatforms) = preSolution
		Debug|Any CPU = Debug|Any CPU
		Release|Any CPU = Release|Any CPU
	EndGlobalSection
	GlobalSection(ProjectConfigurationPlatforms) = postSolution
		{9AFFC329-1375-4961-BB4A-63B58FFF5AA2}.Debug|Any CPU.ActiveCfg = Debug|Any CPU
		{9AFFC329-1375-4961-BB4A-63B58FFF5AA2}.Debug|Any CPU.Build.0 = Debug|Any CPU
		{9AFFC329-1375-4961-BB4A-63B58FFF5AA2}.Release|Any CPU.ActiveCfg = Release|Any CPU
		{9AFFC329-1375-4961-BB4A-63B58FFF5AA2}.Release|Any CPU.Build.0 = Release|Any CPU
	EndGlobalSection
	GlobalSection(SolutionProperties) = preSolution
		HideSolutionNode = FALSE
	EndGlobalSection
	GlobalSection(ExtensibilityGlobals) = postSolution
		SolutionGuid = {53F3053C-3ADD-43AD-ADD6-20E4DF44DA06}
	EndGlobalSection
EndGlobal
